
Microsoft Visual Studio Solution File, Format Version 12.00
# Visual Studio Version 17
VisualStudioVersion = 17.10.35013.160
MinimumVisualStudioVersion = 10.0.40219.1
Project("{FAE04EC0-301F-11D3-BF4B-00C04F79EFBC}") = "operadores", "operadores\operadores.csproj", "{701BC163-3A04-4C32-AEB4-83123888223C}"
EndProject
Project("{FAE04EC0-301F-11D3-BF4B-00C04F79EFBC}") = "operadoresej2", "operadoresej2\operadoresej2.csproj", "{9427EF54-35D2-4860-8E21-CDD7B31E41B5}"
EndProject
Project("{FAE04EC0-301F-11D3-BF4B-00C04F79EFBC}") = "operadoresej3", "operadoresej3\operadoresej3.csproj", "{1296DFDD-EB33-4EC7-830E-62F3DD09FF31}"
EndProject
Project("{FAE04EC0-301F-11D3-BF4B-00C04F79EFBC}") = "operadoresej4", "operadoresej4\operadoresej4.csproj", "{33C6F6A2-2DF1-4067-9C68-4F45358001CE}"
EndProject
Project("{FAE04EC0-301F-11D3-BF4B-00C04F79EFBC}") = "operadoresej5", "operadoresej5\operadoresej5.csproj", "{764EB3E2-1193-48EA-BF87-6ED930EA171B}"
EndProject
Global
	GlobalSection(SolutionConfigurationPlatforms) = preSolution
		Debug|Any CPU = Debug|Any CPU
		Release|Any CPU = Release|Any CPU
	EndGlobalSection
	GlobalSection(ProjectConfigurationPlatforms) = postSolution
		{701BC163-3A04-4C32-AEB4-83123888223C}.Debug|Any CPU.ActiveCfg = Debug|Any CPU
		{701BC163-3A04-4C32-AEB4-83123888223C}.Debug|Any CPU.Build.0 = Debug|Any CPU
		{701BC163-3A04-4C32-AEB4-83123888223C}.Release|Any CPU.ActiveCfg = Release|Any CPU
		{701BC163-3A04-4C32-AEB4-83123888223C}.Release|Any CPU.Build.0 = Release|Any CPU
		{9427EF54-35D2-4860-8E21-CDD7B31E41B5}.Debug|Any CPU.ActiveCfg = Debug|Any CPU
		{9427EF54-35D2-4860-8E21-CDD7B31E41B5}.Debug|Any CPU.Build.0 = Debug|Any CPU
		{9427EF54-35D2-4860-8E21-CDD7B31E41B5}.Release|Any CPU.ActiveCfg = Release|Any CPU
		{9427EF54-35D2-4860-8E21-CDD7B31E41B5}.Release|Any CPU.Build.0 = Release|Any CPU
		{1296DFDD-EB33-4EC7-830E-62F3DD09FF31}.Debug|Any CPU.ActiveCfg = Debug|Any CPU
		{1296DFDD-EB33-4EC7-830E-62F3DD09FF31}.Debug|Any CPU.Build.0 = Debug|Any CPU
		{1296DFDD-EB33-4EC7-830E-62F3DD09FF31}.Release|Any CPU.ActiveCfg = Release|Any CPU
		{1296DFDD-EB33-4EC7-830E-62F3DD09FF31}.Release|Any CPU.Build.0 = Release|Any CPU
		{33C6F6A2-2DF1-4067-9C68-4F45358001CE}.Debug|Any CPU.ActiveCfg = Debug|Any CPU
		{33C6F6A2-2DF1-4067-9C68-4F45358001CE}.Debug|Any CPU.Build.0 = Debug|Any CPU
		{33C6F6A2-2DF1-4067-9C68-4F45358001CE}.Release|Any CPU.ActiveCfg = Release|Any CPU
		{33C6F6A2-2DF1-4067-9C68-4F45358001CE}.Release|Any CPU.Build.0 = Release|Any CPU
		{764EB3E2-1193-48EA-BF87-6ED930EA171B}.Debug|Any CPU.ActiveCfg = Debug|Any CPU
		{764EB3E2-1193-48EA-BF87-6ED930EA171B}.Debug|Any CPU.Build.0 = Debug|Any CPU
		{764EB3E2-1193-48EA-BF87-6ED930EA171B}.Release|Any CPU.ActiveCfg = Release|Any CPU
		{764EB3E2-1193-48EA-BF87-6ED930EA171B}.Release|Any CPU.Build.0 = Release|Any CPU
	EndGlobalSection
	GlobalSection(SolutionProperties) = preSolution
		HideSolutionNode = FALSE
	EndGlobalSection
	GlobalSection(ExtensibilityGlobals) = postSolution
		SolutionGuid = {398F2ED6-DF09-4B76-8692-8C3E161B77BC}
	EndGlobalSection
EndGlobal
